
Microsoft Visual Studio Solution File, Format Version 12.00
# Visual Studio Version 17
VisualStudioVersion = 17.9.34728.123
MinimumVisualStudioVersion = 10.0.40219.1
Project("{9A19103F-16F7-4668-BE54-9A1E7A4F7556}") = "CacheThisExample", "CachingExample\CacheThisExample.csproj", "{CDA1B880-847F-4AD1-8358-4BDDFE43266E}"
EndProject
Project("{9A19103F-16F7-4668-BE54-9A1E7A4F7556}") = "CacheThisLib", "CacheItLib\CacheThisLib.csproj", "{DB4B8133-4327-4451-9500-AF661B1887DF}"
EndProject
Global
	GlobalSection(SolutionConfigurationPlatforms) = preSolution
		Debug|Any CPU = Debug|Any CPU
		Release|Any CPU = Release|Any CPU
	EndGlobalSection
	GlobalSection(ProjectConfigurationPlatforms) = postSolution
		{CDA1B880-847F-4AD1-8358-4BDDFE43266E}.Debug|Any CPU.ActiveCfg = Debug|Any CPU
		{CDA1B880-847F-4AD1-8358-4BDDFE43266E}.Debug|Any CPU.Build.0 = Debug|Any CPU
		{CDA1B880-847F-4AD1-8358-4BDDFE43266E}.Release|Any CPU.ActiveCfg = Release|Any CPU
		{CDA1B880-847F-4AD1-8358-4BDDFE43266E}.Release|Any CPU.Build.0 = Release|Any CPU
		{DB4B8133-4327-4451-9500-AF661B1887DF}.Debug|Any CPU.ActiveCfg = Debug|Any CPU
		{DB4B8133-4327-4451-9500-AF661B1887DF}.Debug|Any CPU.Build.0 = Debug|Any CPU
		{DB4B8133-4327-4451-9500-AF661B1887DF}.Release|Any CPU.ActiveCfg = Release|Any CPU
		{DB4B8133-4327-4451-9500-AF661B1887DF}.Release|Any CPU.Build.0 = Release|Any CPU
	EndGlobalSection
	GlobalSection(SolutionProperties) = preSolution
		HideSolutionNode = FALSE
	EndGlobalSection
	GlobalSection(ExtensibilityGlobals) = postSolution
		SolutionGuid = {81412A61-73AC-4342-8F40-65FD7A33D0EF}
	EndGlobalSection
EndGlobal
